
Microsoft Visual Studio Solution File, Format Version 12.00
# Visual Studio 14
VisualStudioVersion = 14.0.25420.1
MinimumVisualStudioVersion = 10.0.40219.1
Project("{FAE04EC0-301F-11D3-BF4B-00C04F79EFBC}") = "eCommerce.Contracts", "eCommerce.Contracts\eCommerce.Contracts.csproj", "{F73F633F-9455-4193-B6B5-D70D7368815F}"
EndProject
Project("{FAE04EC0-301F-11D3-BF4B-00C04F79EFBC}") = "eCommerce.Model", "eCommerce.Model\eCommerce.Model.csproj", "{D305893F-23A6-4228-BB9E-1EB3E5450D09}"
EndProject
Project("{FAE04EC0-301F-11D3-BF4B-00C04F79EFBC}") = "eCommerce.DAL", "eCommerce.DAL\eCommerce.DAL.csproj", "{F26405FF-EE56-456B-B15F-D69F2E666106}"
EndProject
Project("{FAE04EC0-301F-11D3-BF4B-00C04F79EFBC}") = "eCommerce.WebUI", "eCommerce.WebUI\eCommerce.WebUI.csproj", "{F6BE1687-64EC-4183-AC53-D551ADD97D3F}"
EndProject
Project("{FAE04EC0-301F-11D3-BF4B-00C04F79EFBC}") = "eCommerce.Services", "eCommerce.Services\eCommerce.Services.csproj", "{7647E74B-DC76-466B-B470-9113143122F7}"
EndProject
Project("{2150E333-8FDC-42A3-9474-1A3956D46DE8}") = "Modules", "Modules", "{139DCEB6-9DBE-4CAE-ABD1-9102966202E3}"
EndProject
Project("{FAE04EC0-301F-11D3-BF4B-00C04F79EFBC}") = "eCommerce.Modules.Voucher.MoneyOff", "eCommerce.Modules.Voucher.MoneyOff\eCommerce.Modules.Voucher.MoneyOff.csproj", "{D1ABC6D9-22B3-419C-A860-5596DBB796E2}"
EndProject
Project("{FAE04EC0-301F-11D3-BF4B-00C04F79EFBC}") = "eCommerce.Modules.Vouchers.PercentageOff", "eCommerce.Modules.Vouchers.PercentageOff\eCommerce.Modules.Vouchers.PercentageOff.csproj", "{5D413567-FE5D-4F20-BDC2-393A8442BA59}"
EndProject
Project("{FAE04EC0-301F-11D3-BF4B-00C04F79EFBC}") = "eCommerce.Modules.Voucher.MoneyOffItem", "eCommerce.Modules.Voucher.MoneyOffItem\eCommerce.Modules.Voucher.MoneyOffItem.csproj", "{3E036F22-11D1-48E7-B2FE-DD9405EA607F}"
EndProject
Global
	GlobalSection(SolutionConfigurationPlatforms) = preSolution
		Debug|Any CPU = Debug|Any CPU
		Release|Any CPU = Release|Any CPU
	EndGlobalSection
	GlobalSection(ProjectConfigurationPlatforms) = postSolution
		{F73F633F-9455-4193-B6B5-D70D7368815F}.Debug|Any CPU.ActiveCfg = Debug|Any CPU
		{F73F633F-9455-4193-B6B5-D70D7368815F}.Debug|Any CPU.Build.0 = Debug|Any CPU
		{F73F633F-9455-4193-B6B5-D70D7368815F}.Release|Any CPU.ActiveCfg = Release|Any CPU
		{F73F633F-9455-4193-B6B5-D70D7368815F}.Release|Any CPU.Build.0 = Release|Any CPU
		{D305893F-23A6-4228-BB9E-1EB3E5450D09}.Debug|Any CPU.ActiveCfg = Debug|Any CPU
		{D305893F-23A6-4228-BB9E-1EB3E5450D09}.Debug|Any CPU.Build.0 = Debug|Any CPU
		{D305893F-23A6-4228-BB9E-1EB3E5450D09}.Release|Any CPU.ActiveCfg = Release|Any CPU
		{D305893F-23A6-4228-BB9E-1EB3E5450D09}.Release|Any CPU.Build.0 = Release|Any CPU
		{F26405FF-EE56-456B-B15F-D69F2E666106}.Debug|Any CPU.ActiveCfg = Debug|Any CPU
		{F26405FF-EE56-456B-B15F-D69F2E666106}.Debug|Any CPU.Build.0 = Debug|Any CPU
		{F26405FF-EE56-456B-B15F-D69F2E666106}.Release|Any CPU.ActiveCfg = Release|Any CPU
		{F26405FF-EE56-456B-B15F-D69F2E666106}.Release|Any CPU.Build.0 = Release|Any CPU
		{F6BE1687-64EC-4183-AC53-D551ADD97D3F}.Debug|Any CPU.ActiveCfg = Debug|Any CPU
		{F6BE1687-64EC-4183-AC53-D551ADD97D3F}.Debug|Any CPU.Build.0 = Debug|Any CPU
		{F6BE1687-64EC-4183-AC53-D551ADD97D3F}.Release|Any CPU.ActiveCfg = Release|Any CPU
		{F6BE1687-64EC-4183-AC53-D551ADD97D3F}.Release|Any CPU.Build.0 = Release|Any CPU
		{7647E74B-DC76-466B-B470-9113143122F7}.Debug|Any CPU.ActiveCfg = Debug|Any CPU
		{7647E74B-DC76-466B-B470-9113143122F7}.Debug|Any CPU.Build.0 = Debug|Any CPU
		{7647E74B-DC76-466B-B470-9113143122F7}.Release|Any CPU.ActiveCfg = Release|Any CPU
		{7647E74B-DC76-466B-B470-9113143122F7}.Release|Any CPU.Build.0 = Release|Any CPU
		{D1ABC6D9-22B3-419C-A860-5596DBB796E2}.Debug|Any CPU.ActiveCfg = Debug|Any CPU
		{D1ABC6D9-22B3-419C-A860-5596DBB796E2}.Debug|Any CPU.Build.0 = Debug|Any CPU
		{D1ABC6D9-22B3-419C-A860-5596DBB796E2}.Release|Any CPU.ActiveCfg = Release|Any CPU
		{D1ABC6D9-22B3-419C-A860-5596DBB796E2}.Release|Any CPU.Build.0 = Release|Any CPU
		{5D413567-FE5D-4F20-BDC2-393A8442BA59}.Debug|Any CPU.ActiveCfg = Debug|Any CPU
		{5D413567-FE5D-4F20-BDC2-393A8442BA59}.Debug|Any CPU.Build.0 = Debug|Any CPU
		{5D413567-FE5D-4F20-BDC2-393A8442BA59}.Release|Any CPU.ActiveCfg = Release|Any CPU
		{5D413567-FE5D-4F20-BDC2-393A8442BA59}.Release|Any CPU.Build.0 = Release|Any CPU
		{3E036F22-11D1-48E7-B2FE-DD9405EA607F}.Debug|Any CPU.ActiveCfg = Debug|Any CPU
		{3E036F22-11D1-48E7-B2FE-DD9405EA607F}.Debug|Any CPU.Build.0 = Debug|Any CPU
		{3E036F22-11D1-48E7-B2FE-DD9405EA607F}.Release|Any CPU.ActiveCfg = Release|Any CPU
		{3E036F22-11D1-48E7-B2FE-DD9405EA607F}.Release|Any CPU.Build.0 = Release|Any CPU
	EndGlobalSection
	GlobalSection(SolutionProperties) = preSolution
		HideSolutionNode = FALSE
	EndGlobalSection
	GlobalSection(NestedProjects) = preSolution
		{D1ABC6D9-22B3-419C-A860-5596DBB796E2} = {139DCEB6-9DBE-4CAE-ABD1-9102966202E3}
		{5D413567-FE5D-4F20-BDC2-393A8442BA59} = {139DCEB6-9DBE-4CAE-ABD1-9102966202E3}
		{3E036F22-11D1-48E7-B2FE-DD9405EA607F} = {139DCEB6-9DBE-4CAE-ABD1-9102966202E3}
	EndGlobalSection
EndGlobal
